Microsoft Visual Studio Solution File, Format Version 12.00
# Visual Studio Version 17
VisualStudioVersion = 17.5.2.0
MinimumVisualStudioVersion = 10.0.40219.1
Project("{FAE04EC0-301F-11D3-BF4B-00C04F79EFBC}") = "MyFinances", "MyFinances.csproj", "{D453EC75-D131-0169-99EF-AA1589CE91D6}"
EndProject
Global
	GlobalSection(SolutionConfigurationPlatforms) = preSolution
		Debug|Any CPU = Debug|Any CPU
		Release|Any CPU = Release|Any CPU
	EndGlobalSection
	GlobalSection(ProjectConfigurationPlatforms) = postSolution
		{D453EC75-D131-0169-99EF-AA1589CE91D6}.Debug|Any CPU.ActiveCfg = Debug|Any CPU
		{D453EC75-D131-0169-99EF-AA1589CE91D6}.Debug|Any CPU.Build.0 = Debug|Any CPU
		{D453EC75-D131-0169-99EF-AA1589CE91D6}.Release|Any CPU.ActiveCfg = Release|Any CPU
		{D453EC75-D131-0169-99EF-AA1589CE91D6}.Release|Any CPU.Build.0 = Release|Any CPU
	EndGlobalSection
	GlobalSection(SolutionProperties) = preSolution
		HideSolutionNode = FALSE
	EndGlobalSection
	GlobalSection(ExtensibilityGlobals) = postSolution
		SolutionGuid = {5C8EC2F2-CC55-44DD-B8F8-E8566557BA1D}
	EndGlobalSection
EndGlobal
